
Microsoft Visual Studio Solution File, Format Version 12.00
Project("{FAE04EC0-301F-11D3-BF4B-00C04F79EFBC}") = "EinzNullSechs", "EinzNullSechs\EinzNullSechs.csproj", "{269F73C5-2B2B-41E1-84BD-CE01E775D0B6}"
EndProject
Global
	GlobalSection(SolutionConfigurationPlatforms) = preSolution
		Debug|Any CPU = Debug|Any CPU
		Release|Any CPU = Release|Any CPU
	EndGlobalSection
	GlobalSection(ProjectConfigurationPlatforms) = postSolution
		{269F73C5-2B2B-41E1-84BD-CE01E775D0B6}.Debug|Any CPU.ActiveCfg = Debug|Any CPU
		{269F73C5-2B2B-41E1-84BD-CE01E775D0B6}.Debug|Any CPU.Build.0 = Debug|Any CPU
		{269F73C5-2B2B-41E1-84BD-CE01E775D0B6}.Release|Any CPU.ActiveCfg = Release|Any CPU
		{269F73C5-2B2B-41E1-84BD-CE01E775D0B6}.Release|Any CPU.Build.0 = Release|Any CPU
	EndGlobalSection
EndGlobal
